
Microsoft Visual Studio Solution File, Format Version 12.00
# Visual Studio 2015
Project("{FAE04EC0-301F-11D3-BF4B-00C04F79EFBC}") = "Zappy.CSharp.Plugins", "Zappy.CSharp.Plugins.csproj", "{A9824366-5DCB-2461-8EF9-88EBB237581B}"
EndProject
Project("{FAE04EC0-301F-11D3-BF4B-00C04F79EFBC}") = "Zappy.CSharp", "Zappy.CSharp.csproj", "{3D304DF7-F18D-404D-D679-E6F84E7F29ED}"
EndProject
Global
	GlobalSection(SolutionConfigurationPlatforms) = preSolution
		Debug|Any CPU = Debug|Any CPU
		Release|Any CPU = Release|Any CPU
	EndGlobalSection
	GlobalSection(ProjectConfigurationPlatforms) = postSolution
		{A9824366-5DCB-2461-8EF9-88EBB237581B}.Debug|Any CPU.ActiveCfg = Debug|Any CPU
		{A9824366-5DCB-2461-8EF9-88EBB237581B}.Debug|Any CPU.Build.0 = Debug|Any CPU
		{A9824366-5DCB-2461-8EF9-88EBB237581B}.Release|Any CPU.ActiveCfg = Release|Any CPU
		{A9824366-5DCB-2461-8EF9-88EBB237581B}.Release|Any CPU.Build.0 = Release|Any CPU
		{3D304DF7-F18D-404D-D679-E6F84E7F29ED}.Debug|Any CPU.ActiveCfg = Debug|Any CPU
		{3D304DF7-F18D-404D-D679-E6F84E7F29ED}.Debug|Any CPU.Build.0 = Debug|Any CPU
		{3D304DF7-F18D-404D-D679-E6F84E7F29ED}.Release|Any CPU.ActiveCfg = Release|Any CPU
		{3D304DF7-F18D-404D-D679-E6F84E7F29ED}.Release|Any CPU.Build.0 = Release|Any CPU
	EndGlobalSection
	GlobalSection(SolutionProperties) = preSolution
		HideSolutionNode = FALSE
	EndGlobalSection
EndGlobal
